// !$*UTF8*$!
{
	archiveVersion = 1;
	classes = {
	};
	objectVersion = 46;
	objects = {

/* Begin PBXBuildFile section */
		8FF6B5ED1B95B11800D690A0 /* main.swift in Sources */ = {isa = PBXBuildFile; fileRef = 8FF6B5EC1B95B11800D690A0 /* main.swift */; };
		8FF6B5F41B95D16700D690A0 /* A.swift in Sources */ = {isa = PBXBuildFile; fileRef = 8FF6B5F31B95D16700D690A0 /* A.swift */; };
		8FF6B5F61B95D1FF00D690A0 /* A2.swift in Sources */ = {isa = PBXBuildFile; fileRef = 8FF6B5F51B95D1FF00D690A0 /* A2.swift */; };
		EE1871661B96B5C800C2CDA0 /* fizzbuzz.swift in Sources */ = {isa = PBXBuildFile; fileRef = EE1871651B96B5C800C2CDA0 /* fizzbuzz.swift */; };
		EEDE8F821B986FB1008CAA98 /* fizzbuzz2.swift in Sources */ = {isa = PBXBuildFile; fileRef = EEDE8F811B986FB1008CAA98 /* fizzbuzz2.swift */; };
/* End PBXBuildFile section */

/* Begin PBXCopyFilesBuildPhase section */
		8FF6B5E71B95B11800D690A0 /* CopyFiles */ = {
			isa = PBXCopyFilesBuildPhase;
			buildActionMask = 2147483647;
			dstPath = /usr/share/man/man1/;
			dstSubfolderSpec = 0;
			files = (
			);
			runOnlyForDeploymentPostprocessing = 1;
		};
/* End PBXCopyFilesBuildPhase section */

/* Begin PBXFileReference section */
		8FF6B5E91B95B11800D690A0 /* Study of Swift */ = {isa = PBXFileReference; explicitFileType = "compiled.mach-o.executable"; includeInIndex = 0; path = "Study of Swift"; sourceTree = BUILT_PRODUCTS_DIR; };
		8FF6B5EC1B95B11800D690A0 /* main.swift */ = {isa = PBXFileReference; lastKnownFileType = sourcecode.swift; path = main.swift; sourceTree = "<group>"; };
		8FF6B5F31B95D16700D690A0 /* A.swift */ = {isa = PBXFileReference; fileEncoding = 4; lastKnownFileType = sourcecode.swift; path = A.swift; sourceTree = "<group>"; };
		8FF6B5F51B95D1FF00D690A0 /* A2.swift */ = {isa = PBXFileReference; fileEncoding = 4; lastKnownFileType = sourcecode.swift; path = A2.swift; sourceTree = "<group>"; };
		EE1871651B96B5C800C2CDA0 /* fizzbuzz.swift */ = {isa = PBXFileReference; fileEncoding = 4; lastKnownFileType = sourcecode.swift; path = fizzbuzz.swift; sourceTree = "<group>"; };
		EEDE8F811B986FB1008CAA98 /* fizzbuzz2.swift */ = {isa = PBXFileReference; fileEncoding = 4; lastKnownFileType = sourcecode.swift; path = fizzbuzz2.swift; sourceTree = "<group>"; };
/* End PBXFileReference section */

/* Begin PBXFrameworksBuildPhase section */
		8FF6B5E61B95B11800D690A0 /* Frameworks */ = {
			isa = PBXFrameworksBuildPhase;
			buildActionMask = 2147483647;
			files = (
			);
			runOnlyForDeploymentPostprocessing = 0;
		};
/* End PBXFrameworksBuildPhase section */

/* Begin PBXGroup section */
		8FF6B5E01B95B11800D690A0 = {
			isa = PBXGroup;
			children = (
				8FF6B5EB1B95B11800D690A0 /* Study of Swift */,
				8FF6B5EA1B95B11800D690A0 /* Products */,
			);
			sourceTree = "<group>";
		};
		8FF6B5EA1B95B11800D690A0 /* Products */ = {
			isa = PBXGroup;
			children = (
				8FF6B5E91B95B11800D690A0 /* Study of Swift */,
			);
			name = Products;
			sourceTree = "<group>";
		};
		8FF6B5EB1B95B11800D690A0 /* Study of Swift */ = {
			isa = PBXGroup;
			children = (
				8FF6B5EC1B95B11800D690A0 /* main.swift */,
				EE1871651B96B5C800C2CDA0 /* fizzbuzz.swift */,
				EEDE8F811B986FB1008CAA98 /* fizzbuzz2.swift */,
				8FF6B5F31B95D16700D690A0 /* A.swift */,
				8FF6B5F51B95D1FF00D690A0 /* A2.swift */,
			);
			path = "Study of Swift";
			sourceTree = "<group>";
		};
/* End PBXGroup section */

/* Begin PBXNativeTarget section */
		8FF6B5E81B95B11800D690A0 /* Study of Swift */ = {
			isa = PBXNativeTarget;
			buildConfigurationList = 8FF6B5F01B95B11800D690A0 /* Build configuration list for PBXNativeTarget "Study of Swift" */;
			buildPhases = (
				8FF6B5E51B95B11800D690A0 /* Sources */,
				8FF6B5E61B95B11800D690A0 /* Frameworks */,
				8FF6B5E71B95B11800D690A0 /* CopyFiles */,
			);
			buildRules = (
			);
			dependencies = (
			);
			name = "Study of Swift";
			productName = "Study of Swift";
			productReference = 8FF6B5E91B95B11800D690A0 /* Study of Swift */;
			productType = "com.apple.product-type.tool";
		};
/* End PBXNativeTarget section */

/* Begin PBXProject section */
		8FF6B5E11B95B11800D690A0 /* Project object */ = {
			isa = PBXProject;
			attributes = {
				LastUpgradeCheck = 0640;
				ORGANIZATIONNAME = bvl;
				TargetAttributes = {
					8FF6B5E81B95B11800D690A0 = {
						CreatedOnToolsVersion = 6.4;
					};
				};
			};
			buildConfigurationList = 8FF6B5E41B95B11800D690A0 /* Build configuration list for PBXProject "Study of Swift" */;
			compatibilityVersion = "Xcode 3.2";
			developmentRegion = English;
			hasScannedForEncodings = 0;
			knownRegions = (
				en,
			);
			mainGroup = 8FF6B5E01B95B11800D690A0;
			productRefGroup = 8FF6B5EA1B95B11800D690A0 /* Products */;
			projectDirPath = "";
			projectRoot = "";
			targets = (
				8FF6B5E81B95B11800D690A0 /* Study of Swift */,
			);
		};
/* End PBXProject section */

/* Begin PBXSourcesBuildPhase section */
		8FF6B5E51B95B11800D690A0 /* Sources */ = {
			isa = PBXSourcesBuildPhase;
			buildActionMask = 2147483647;
			files = (
				8FF6B5ED1B95B11800D690A0 /* main.swift in Sources */,
				8FF6B5F41B95D16700D690A0 /* A.swift in Sources */,
				8FF6B5F61B95D1FF00D690A0 /* A2.swift in Sources */,
				EE1871661B96B5C800C2CDA0 /* fizzbuzz.swift in Sources */,
				EEDE8F821B986FB1008CAA98 /* fizzbuzz2.swift in Sources */,
			);
			runOnlyForDeploymentPostprocessing = 0;
		};
/* End PBXSourcesBuildPhase section */

/* Begin XCBuildConfiguration section */
		8FF6B5EE1B95B11800D690A0 /* Debug */ = {
			isa = XCBuildConfiguration;
			buildSettings = {
				ALWAYS_SEARCH_USER_PATHS = NO;
				CLANG_CXX_LANGUAGE_STANDARD = "gnu++0x";
				CLANG_CXX_LIBRARY = "libc++";
				CLANG_ENABLE_MODULES = YES;
				CLANG_ENABLE_OBJC_ARC = YES;
				CLANG_WARN_BOOL_CONVERSION = YES;
				CLANG_WARN_CONSTANT_CONVERSION = YES;
				CLANG_WARN_DIRECT_OBJC_ISA_USAGE = YES_ERROR;
				CLANG_WARN_EMPTY_BODY = YES;
				CLANG_WARN_ENUM_CONVERSION = YES;
				CLANG_WARN_INT_CONVERSION = YES;
				CLANG_WARN_OBJC_ROOT_CLASS = YES_ERROR;
				CLANG_WARN_UNREACHABLE_CODE = YES;
				CLANG_WARN__DUPLICATE_METHOD_MATCH = YES;
				COPY_PHASE_STRIP = NO;
				DEBUG_INFORMATION_FORMAT = dwarf;
				ENABLE_STRICT_OBJC_MSGSEND = YES;
				GCC_C_LANGUAGE_STANDARD = gnu99;
				GCC_DYNAMIC_NO_PIC = NO;
				GCC_NO_COMMON_BLOCKS = YES;
				GCC_OPTIMIZATION_LEVEL = 0;
				GCC_PREPROCESSOR_DEFINITIONS = (
					"DEBUG=1",
					"$(inherited)",
				);
				GCC_SYMBOLS_PRIVATE_EXTERN = NO;
				GCC_WARN_64_TO_32_BIT_CONVERSION = YES;
				GCC_WARN_ABOUT_RETURN_TYPE = YES_ERROR;
				GCC_WARN_UNDECLARED_SELECTOR = YES;
				GCC_WARN_UNINITIALIZED_AUTOS = YES_AGGRESSIVE;
				GCC_WARN_UNUSED_FUNCTION = YES;
				GCC_WARN_UNUSED_VARIABLE = YES;
				MACOSX_DEPLOYMENT_TARGET = 10.10;
				MTL_ENABLE_DEBUG_INFO = YES;
				ONLY_ACTIVE_ARCH = YES;
				SDKROOT = macosx;
				SWIFT_OPTIMIZATION_LEVEL = "-Onone";
			};
			name = Debug;
		};
		8FF6B5EF1B95B11800D690A0 /* Release */ = {
			isa = XCBuildConfiguration;
			buildSettings = {
				ALWAYS_SEARCH_USER_PATHS = NO;
				CLANG_CXX_LANGUAGE_STANDARD = "gnu++0x";
				CLANG_CXX_LIBRARY = "libc++";
				CLANG_ENABLE_MODULES = YES;
				CLANG_ENABLE_OBJC_ARC = YES;
				CLANG_WARN_BOOL_CONVERSION = YES;
				CLANG_WARN_CONSTANT_CONVERSION = YES;
				CLANG_WARN_DIRECT_OBJC_ISA_USAGE = YES_ERROR;
				CLANG_WARN_EMPTY_BODY = YES;
				CLANG_WARN_ENUM_CONVERSION = YES;
				CLANG_WARN_INT_CONVERSION = YES;
				CLANG_WARN_OBJC_ROOT_CLASS = YES_ERROR;
				CLANG_WARN_UNREACHABLE_CODE = YES;
				CLANG_WARN__DUPLICATE_METHOD_MATCH = YES;
				COPY_PHASE_STRIP = NO;
				DEBUG_INFORMATION_FORMAT = "dwarf-with-dsym";
				ENABLE_NS_ASSERTIONS = NO;
				ENABLE_STRICT_OBJC_MSGSEND = YES;
				GCC_C_LANGUAGE_STANDARD = gnu99;
				GCC_NO_COMMON_BLOCKS = YES;
				GCC_WARN_64_TO_32_BIT_CONVERSION = YES;
				GCC_WARN_ABOUT_RETURN_TYPE = YES_ERROR;
				GCC_WARN_UNDECLARED_SELECTOR = YES;
				GCC_WARN_UNINITIALIZED_AUTOS = YES_AGGRESSIVE;
				GCC_WARN_UNUSED_FUNCTION = YES;
				GCC_WARN_UNUSED_VARIABLE = YES;
				MACOSX_DEPLOYMENT_TARGET = 10.10;
				MTL_ENABLE_DEBUG_INFO = NO;
				SDKROOT = macosx;
			};
			name = Release;
		};
		8FF6B5F11B95B11800D690A0 /* Debug */ = {
			isa = XCBuildConfiguration;
			buildSettings = {
				PRODUCT_NAME = "$(TARGET_NAME)";
			};
			name = Debug;
		};
		8FF6B5F21B95B11800D690A0 /* Release */ = {
			isa = XCBuildConfiguration;
			buildSettings = {
				PRODUCT_NAME = "$(TARGET_NAME)";
			};
			name = Release;
		};
/* End XCBuildConfiguration section */

/* Begin XCConfigurationList section */
		8FF6B5E41B95B11800D690A0 /* Build configuration list for PBXProject "Study of Swift" */ = {
			isa = XCConfigurationList;
			buildConfigurations = (
				8FF6B5EE1B95B11800D690A0 /* Debug */,
				8FF6B5EF1B95B11800D690A0 /* Release */,
			);
			defaultConfigurationIsVisible = 0;
			defaultConfigurationName = Release;
		};
		8FF6B5F01B95B11800D690A0 /* Build configuration list for PBXNativeTarget "Study of Swift" */ = {
			isa = XCConfigurationList;
			buildConfigurations = (
				8FF6B5F11B95B11800D690A0 /* Debug */,
				8FF6B5F21B95B11800D690A0 /* Release */,
			);
			defaultConfigurationIsVisible = 0;
			defaultConfigurationName = Release;
		};
/* End XCConfigurationList section */
	};
	rootObject = 8FF6B5E11B95B11800D690A0 /* Project object */;
}
